
Microsoft Visual Studio Solution File, Format Version 12.00
# Visual Studio Version 17
VisualStudioVersion = 17.9.34622.214
MinimumVisualStudioVersion = 10.0.40219.1
Project("{FAE04EC0-301F-11D3-BF4B-00C04F79EFBC}") = "Autorizacion.Abstracciones", "Autorizacion.Abstracciones\Autorizacion.Abstracciones.csproj", "{277A0B54-D0DB-4CC2-8AB8-7522336C9351}"
EndProject
Project("{FAE04EC0-301F-11D3-BF4B-00C04F79EFBC}") = "Autorizacion.DA", "Autorizacion.DA\Autorizacion.DA.csproj", "{C236988D-19E8-4D50-88F4-218150C53A4F}"
EndProject
Project("{9A19103F-16F7-4668-BE54-9A1E7A4F7556}") = "Helpers", "Helpers\Helpers.csproj", "{38B8B118-70BF-4329-B8C9-F60152F73A6F}"
EndProject
Project("{FAE04EC0-301F-11D3-BF4B-00C04F79EFBC}") = "Autorizacion.BW", "Abstracciones.BW\Autorizacion.BW.csproj", "{8967E7E6-EE25-43C9-88E5-D1455FD77BFC}"
EndProject
Project("{FAE04EC0-301F-11D3-BF4B-00C04F79EFBC}") = "Autorizacion.Middleware", "Autorizacion.Middleware\Autorizacion.Middleware.csproj", "{B472058E-FF74-4A5A-B41D-242B90125FA3}"
EndProject
Global
	GlobalSection(SolutionConfigurationPlatforms) = preSolution
		Debug|Any CPU = Debug|Any CPU
		Release|Any CPU = Release|Any CPU
	EndGlobalSection
	GlobalSection(ProjectConfigurationPlatforms) = postSolution
		{277A0B54-D0DB-4CC2-8AB8-7522336C9351}.Debug|Any CPU.ActiveCfg = Debug|Any CPU
		{277A0B54-D0DB-4CC2-8AB8-7522336C9351}.Debug|Any CPU.Build.0 = Debug|Any CPU
		{277A0B54-D0DB-4CC2-8AB8-7522336C9351}.Release|Any CPU.ActiveCfg = Release|Any CPU
		{277A0B54-D0DB-4CC2-8AB8-7522336C9351}.Release|Any CPU.Build.0 = Release|Any CPU
		{C236988D-19E8-4D50-88F4-218150C53A4F}.Debug|Any CPU.ActiveCfg = Debug|Any CPU
		{C236988D-19E8-4D50-88F4-218150C53A4F}.Debug|Any CPU.Build.0 = Debug|Any CPU
		{C236988D-19E8-4D50-88F4-218150C53A4F}.Release|Any CPU.ActiveCfg = Release|Any CPU
		{C236988D-19E8-4D50-88F4-218150C53A4F}.Release|Any CPU.Build.0 = Release|Any CPU
		{38B8B118-70BF-4329-B8C9-F60152F73A6F}.Debug|Any CPU.ActiveCfg = Debug|Any CPU
		{38B8B118-70BF-4329-B8C9-F60152F73A6F}.Debug|Any CPU.Build.0 = Debug|Any CPU
		{38B8B118-70BF-4329-B8C9-F60152F73A6F}.Release|Any CPU.ActiveCfg = Release|Any CPU
		{38B8B118-70BF-4329-B8C9-F60152F73A6F}.Release|Any CPU.Build.0 = Release|Any CPU
		{8967E7E6-EE25-43C9-88E5-D1455FD77BFC}.Debug|Any CPU.ActiveCfg = Debug|Any CPU
		{8967E7E6-EE25-43C9-88E5-D1455FD77BFC}.Debug|Any CPU.Build.0 = Debug|Any CPU
		{8967E7E6-EE25-43C9-88E5-D1455FD77BFC}.Release|Any CPU.ActiveCfg = Release|Any CPU
		{8967E7E6-EE25-43C9-88E5-D1455FD77BFC}.Release|Any CPU.Build.0 = Release|Any CPU
		{B472058E-FF74-4A5A-B41D-242B90125FA3}.Debug|Any CPU.ActiveCfg = Debug|Any CPU
		{B472058E-FF74-4A5A-B41D-242B90125FA3}.Debug|Any CPU.Build.0 = Debug|Any CPU
		{B472058E-FF74-4A5A-B41D-242B90125FA3}.Release|Any CPU.ActiveCfg = Release|Any CPU
		{B472058E-FF74-4A5A-B41D-242B90125FA3}.Release|Any CPU.Build.0 = Release|Any CPU
	EndGlobalSection
	GlobalSection(SolutionProperties) = preSolution
		HideSolutionNode = FALSE
	EndGlobalSection
	GlobalSection(ExtensibilityGlobals) = postSolution
		SolutionGuid = {1AA8D584-2481-4510-AB50-2EF3DCCA1081}
	EndGlobalSection
EndGlobal
